// !$*UTF8*$!
{
	archiveVersion = 1;
	classes = {
	};
	objectVersion = 46;
	objects = {

/* Begin PBXBuildFile section */
		3941BF9C1C296C60001A501A /* ViewController.swift in Sources */ = {isa = PBXBuildFile; fileRef = 3941BF9B1C296C60001A501A /* ViewController.swift */; };
		3941BFA21C296C60001A501A /* Sample_Login.xcdatamodeld in Sources */ = {isa = PBXBuildFile; fileRef = 3941BFA01C296C60001A501A /* Sample_Login.xcdatamodeld */; };
		3941BFA41C296C60001A501A /* Assets.xcassets in Resources */ = {isa = PBXBuildFile; fileRef = 3941BFA31C296C60001A501A /* Assets.xcassets */; };
		3941BFA71C296C60001A501A /* LaunchScreen.storyboard in Resources */ = {isa = PBXBuildFile; fileRef = 3941BFA51C296C60001A501A /* LaunchScreen.storyboard */; };
		3941BFB21C296C60001A501A /* Sample_LoginTests.swift in Sources */ = {isa = PBXBuildFile; fileRef = 3941BFB11C296C60001A501A /* Sample_LoginTests.swift */; };
		3941BFBD1C296C60001A501A /* Sample_LoginUITests.swift in Sources */ = {isa = PBXBuildFile; fileRef = 3941BFBC1C296C60001A501A /* Sample_LoginUITests.swift */; };
		3941BFCD1C2981CF001A501A /* LoginViewController.swift in Sources */ = {isa = PBXBuildFile; fileRef = 3941BFCB1C2981CF001A501A /* LoginViewController.swift */; };
		3941BFCE1C2981CF001A501A /* LoginViewController.xib in Resources */ = {isa = PBXBuildFile; fileRef = 3941BFCC1C2981CF001A501A /* LoginViewController.xib */; };
		3941BFD11C2981EE001A501A /* MainViewController.swift in Sources */ = {isa = PBXBuildFile; fileRef = 3941BFCF1C2981EE001A501A /* MainViewController.swift */; };
		3941BFD21C2981EE001A501A /* MainViewController.xib in Resources */ = {isa = PBXBuildFile; fileRef = 3941BFD01C2981EE001A501A /* MainViewController.xib */; };
		3941BFD41C298428001A501A /* AppDelegate.swift in Sources */ = {isa = PBXBuildFile; fileRef = 3941BFD31C298428001A501A /* AppDelegate.swift */; };
/* End PBXBuildFile section */

/* Begin PBXContainerItemProxy section */
		3941BFAE1C296C60001A501A /* PBXContainerItemProxy */ = {
			isa = PBXContainerItemProxy;
			containerPortal = 3941BF8E1C296C5F001A501A /* Project object */;
			proxyType = 1;
			remoteGlobalIDString = 3941BF951C296C5F001A501A;
			remoteInfo = "Sample Login";
		};
		3941BFB91C296C60001A501A /* PBXContainerItemProxy */ = {
			isa = PBXContainerItemProxy;
			containerPortal = 3941BF8E1C296C5F001A501A /* Project object */;
			proxyType = 1;
			remoteGlobalIDString = 3941BF951C296C5F001A501A;
			remoteInfo = "Sample Login";
		};
/* End PBXContainerItemProxy section */

/* Begin PBXFileReference section */
		3941BF961C296C5F001A501A /* Sample Login.app */ = {isa = PBXFileReference; explicitFileType = wrapper.application; includeInIndex = 0; path = "Sample Login.app"; sourceTree = BUILT_PRODUCTS_DIR; };
		3941BF9B1C296C60001A501A /* ViewController.swift */ = {isa = PBXFileReference; lastKnownFileType = sourcecode.swift; path = ViewController.swift; sourceTree = "<group>"; };
		3941BFA11C296C60001A501A /* Sample_Login.xcdatamodel */ = {isa = PBXFileReference; lastKnownFileType = wrapper.xcdatamodel; path = Sample_Login.xcdatamodel; sourceTree = "<group>"; };
		3941BFA31C296C60001A501A /* Assets.xcassets */ = {isa = PBXFileReference; lastKnownFileType = folder.assetcatalog; path = Assets.xcassets; sourceTree = "<group>"; };
		3941BFA61C296C60001A501A /* Base */ = {isa = PBXFileReference; lastKnownFileType = file.storyboard; name = Base; path = Base.lproj/LaunchScreen.storyboard; sourceTree = "<group>"; };
		3941BFA81C296C60001A501A /* Info.plist */ = {isa = PBXFileReference; lastKnownFileType = text.plist.xml; path = Info.plist; sourceTree = "<group>"; };
		3941BFAD1C296C60001A501A /* Sample LoginTests.xctest */ = {isa = PBXFileReference; explicitFileType = wrapper.cfbundle; includeInIndex = 0; path = "Sample LoginTests.xctest"; sourceTree = BUILT_PRODUCTS_DIR; };
		3941BFB11C296C60001A501A /* Sample_LoginTests.swift */ = {isa = PBXFileReference; lastKnownFileType = sourcecode.swift; path = Sample_LoginTests.swift; sourceTree = "<group>"; };
		3941BFB31C296C60001A501A /* Info.plist */ = {isa = PBXFileReference; lastKnownFileType = text.plist.xml; path = Info.plist; sourceTree = "<group>"; };
		3941BFB81C296C60001A501A /* Sample LoginUITests.xctest */ = {isa = PBXFileReference; explicitFileType = wrapper.cfbundle; includeInIndex = 0; path = "Sample LoginUITests.xctest"; sourceTree = BUILT_PRODUCTS_DIR; };
		3941BFBC1C296C60001A501A /* Sample_LoginUITests.swift */ = {isa = PBXFileReference; lastKnownFileType = sourcecode.swift; path = Sample_LoginUITests.swift; sourceTree = "<group>"; };
		3941BFBE1C296C60001A501A /* Info.plist */ = {isa = PBXFileReference; lastKnownFileType = text.plist.xml; path = Info.plist; sourceTree = "<group>"; };
		3941BFCB1C2981CF001A501A /* LoginViewController.swift */ = {isa = PBXFileReference; fileEncoding = 4; lastKnownFileType = sourcecode.swift; name = LoginViewController.swift; path = ViewController/LoginViewController.swift; sourceTree = "<group>"; };
		3941BFCC1C2981CF001A501A /* LoginViewController.xib */ = {isa = PBXFileReference; fileEncoding = 4; lastKnownFileType = file.xib; name = LoginViewController.xib; path = ViewController/LoginViewController.xib; sourceTree = "<group>"; };
		3941BFCF1C2981EE001A501A /* MainViewController.swift */ = {isa = PBXFileReference; fileEncoding = 4; lastKnownFileType = sourcecode.swift; name = MainViewController.swift; path = ViewController/MainViewController.swift; sourceTree = "<group>"; };
		3941BFD01C2981EE001A501A /* MainViewController.xib */ = {isa = PBXFileReference; fileEncoding = 4; lastKnownFileType = file.xib; name = MainViewController.xib; path = ViewController/MainViewController.xib; sourceTree = "<group>"; };
		3941BFD31C298428001A501A /* AppDelegate.swift */ = {isa = PBXFileReference; fileEncoding = 4; lastKnownFileType = sourcecode.swift; path = AppDelegate.swift; sourceTree = "<group>"; };
/* End PBXFileReference section */

/* Begin PBXFrameworksBuildPhase section */
		3941BF931C296C5F001A501A /* Frameworks */ = {
			isa = PBXFrameworksBuildPhase;
			buildActionMask = 2147483647;
			files = (
			);
			runOnlyForDeploymentPostprocessing = 0;
		};
		3941BFAA1C296C60001A501A /* Frameworks */ = {
			isa = PBXFrameworksBuildPhase;
			buildActionMask = 2147483647;
			files = (
			);
			runOnlyForDeploymentPostprocessing = 0;
		};
		3941BFB51C296C60001A501A /* Frameworks */ = {
			isa = PBXFrameworksBuildPhase;
			buildActionMask = 2147483647;
			files = (
			);
			runOnlyForDeploymentPostprocessing = 0;
		};
/* End PBXFrameworksBuildPhase section */

/* Begin PBXGroup section */
		3941BF8D1C296C5F001A501A = {
			isa = PBXGroup;
			children = (
				3941BF981C296C5F001A501A /* Sample Login */,
				3941BFB01C296C60001A501A /* Sample LoginTests */,
				3941BFBB1C296C60001A501A /* Sample LoginUITests */,
				3941BF971C296C5F001A501A /* Products */,
			);
			sourceTree = "<group>";
		};
		3941BF971C296C5F001A501A /* Products */ = {
			isa = PBXGroup;
			children = (
				3941BF961C296C5F001A501A /* Sample Login.app */,
				3941BFAD1C296C60001A501A /* Sample LoginTests.xctest */,
				3941BFB81C296C60001A501A /* Sample LoginUITests.xctest */,
			);
			name = Products;
			sourceTree = "<group>";
		};
		3941BF981C296C5F001A501A /* Sample Login */ = {
			isa = PBXGroup;
			children = (
				3941BFCA1C298195001A501A /* ViewController */,
				3941BF9B1C296C60001A501A /* ViewController.swift */,
				3941BFD31C298428001A501A /* AppDelegate.swift */,
				3941BFA31C296C60001A501A /* Assets.xcassets */,
				3941BFA51C296C60001A501A /* LaunchScreen.storyboard */,
				3941BFA81C296C60001A501A /* Info.plist */,
				3941BFA01C296C60001A501A /* Sample_Login.xcdatamodeld */,
			);
			path = "Sample Login";
			sourceTree = "<group>";
		};
		3941BFB01C296C60001A501A /* Sample LoginTests */ = {
			isa = PBXGroup;
			children = (
				3941BFB11C296C60001A501A /* Sample_LoginTests.swift */,
				3941BFB31C296C60001A501A /* Info.plist */,
			);
			path = "Sample LoginTests";
			sourceTree = "<group>";
		};
		3941BFBB1C296C60001A501A /* Sample LoginUITests */ = {
			isa = PBXGroup;
			children = (
				3941BFBC1C296C60001A501A /* Sample_LoginUITests.swift */,
				3941BFBE1C296C60001A501A /* Info.plist */,
			);
			path = "Sample LoginUITests";
			sourceTree = "<group>";
		};
		3941BFCA1C298195001A501A /* ViewController */ = {
			isa = PBXGroup;
			children = (
				3941BFCB1C2981CF001A501A /* LoginViewController.swift */,
				3941BFCC1C2981CF001A501A /* LoginViewController.xib */,
				3941BFCF1C2981EE001A501A /* MainViewController.swift */,
				3941BFD01C2981EE001A501A /* MainViewController.xib */,
			);
			name = ViewController;
			sourceTree = "<group>";
		};
/* End PBXGroup section */

/* Begin PBXNativeTarget section */
		3941BF951C296C5F001A501A /* Sample Login */ = {
			isa = PBXNativeTarget;
			buildConfigurationList = 3941BFC11C296C60001A501A /* Build configuration list for PBXNativeTarget "Sample Login" */;
			buildPhases = (
				3941BF921C296C5F001A501A /* Sources */,
				3941BF931C296C5F001A501A /* Frameworks */,
				3941BF941C296C5F001A501A /* Resources */,
			);
			buildRules = (
			);
			dependencies = (
			);
			name = "Sample Login";
			productName = "Sample Login";
			productReference = 3941BF961C296C5F001A501A /* Sample Login.app */;
			productType = "com.apple.product-type.application";
		};
		3941BFAC1C296C60001A501A /* Sample LoginTests */ = {
			isa = PBXNativeTarget;
			buildConfigurationList = 3941BFC41C296C60001A501A /* Build configuration list for PBXNativeTarget "Sample LoginTests" */;
			buildPhases = (
				3941BFA91C296C60001A501A /* Sources */,
				3941BFAA1C296C60001A501A /* Frameworks */,
				3941BFAB1C296C60001A501A /* Resources */,
			);
			buildRules = (
			);
			dependencies = (
				3941BFAF1C296C60001A501A /* PBXTargetDependency */,
			);
			name = "Sample LoginTests";
			productName = "Sample LoginTests";
			productReference = 3941BFAD1C296C60001A501A /* Sample LoginTests.xctest */;
			productType = "com.apple.product-type.bundle.unit-test";
		};
		3941BFB71C296C60001A501A /* Sample LoginUITests */ = {
			isa = PBXNativeTarget;
			buildConfigurationList = 3941BFC71C296C60001A501A /* Build configuration list for PBXNativeTarget "Sample LoginUITests" */;
			buildPhases = (
				3941BFB41C296C60001A501A /* Sources */,
				3941BFB51C296C60001A501A /* Frameworks */,
				3941BFB61C296C60001A501A /* Resources */,
			);
			buildRules = (
			);
			dependencies = (
				3941BFBA1C296C60001A501A /* PBXTargetDependency */,
			);
			name = "Sample LoginUITests";
			productName = "Sample LoginUITests";
			productReference = 3941BFB81C296C60001A501A /* Sample LoginUITests.xctest */;
			productType = "com.apple.product-type.bundle.ui-testing";
		};
/* End PBXNativeTarget section */

/* Begin PBXProject section */
		3941BF8E1C296C5F001A501A /* Project object */ = {
			isa = PBXProject;
			attributes = {
				LastSwiftUpdateCheck = 0720;
				LastUpgradeCheck = 0720;
				ORGANIZATIONNAME = VVLab;
				TargetAttributes = {
					3941BF951C296C5F001A501A = {
						CreatedOnToolsVersion = 7.2;
					};
					3941BFAC1C296C60001A501A = {
						CreatedOnToolsVersion = 7.2;
						TestTargetID = 3941BF951C296C5F001A501A;
					};
					3941BFB71C296C60001A501A = {
						CreatedOnToolsVersion = 7.2;
						TestTargetID = 3941BF951C296C5F001A501A;
					};
				};
			};
			buildConfigurationList = 3941BF911C296C5F001A501A /* Build configuration list for PBXProject "Sample Login" */;
			compatibilityVersion = "Xcode 3.2";
			developmentRegion = English;
			hasScannedForEncodings = 0;
			knownRegions = (
				en,
				Base,
			);
			mainGroup = 3941BF8D1C296C5F001A501A;
			productRefGroup = 3941BF971C296C5F001A501A /* Products */;
			projectDirPath = "";
			projectRoot = "";
			targets = (
				3941BF951C296C5F001A501A /* Sample Login */,
				3941BFAC1C296C60001A501A /* Sample LoginTests */,
				3941BFB71C296C60001A501A /* Sample LoginUITests */,
			);
		};
/* End PBXProject section */

/* Begin PBXResourcesBuildPhase section */
		3941BF941C296C5F001A501A /* Resources */ = {
			isa = PBXResourcesBuildPhase;
			buildActionMask = 2147483647;
			files = (
				3941BFCE1C2981CF001A501A /* LoginViewController.xib in Resources */,
				3941BFA71C296C60001A501A /* LaunchScreen.storyboard in Resources */,
				3941BFD21C2981EE001A501A /* MainViewController.xib in Resources */,
				3941BFA41C296C60001A501A /* Assets.xcassets in Resources */,
			);
			runOnlyForDeploymentPostprocessing = 0;
		};
		3941BFAB1C296C60001A501A /* Resources */ = {
			isa = PBXResourcesBuildPhase;
			buildActionMask = 2147483647;
			files = (
			);
			runOnlyForDeploymentPostprocessing = 0;
		};
		3941BFB61C296C60001A501A /* Resources */ = {
			isa = PBXResourcesBuildPhase;
			buildActionMask = 2147483647;
			files = (
			);
			runOnlyForDeploymentPostprocessing = 0;
		};
/* End PBXResourcesBuildPhase section */

/* Begin PBXSourcesBuildPhase section */
		3941BF921C296C5F001A501A /* Sources */ = {
			isa = PBXSourcesBuildPhase;
			buildActionMask = 2147483647;
			files = (
				3941BFCD1C2981CF001A501A /* LoginViewController.swift in Sources */,
				3941BF9C1C296C60001A501A /* ViewController.swift in Sources */,
				3941BFA21C296C60001A501A /* Sample_Login.xcdatamodeld in Sources */,
				3941BFD41C298428001A501A /* AppDelegate.swift in Sources */,
				3941BFD11C2981EE001A501A /* MainViewController.swift in Sources */,
			);
			runOnlyForDeploymentPostprocessing = 0;
		};
		3941BFA91C296C60001A501A /* Sources */ = {
			isa = PBXSourcesBuildPhase;
			buildActionMask = 2147483647;
			files = (
				3941BFB21C296C60001A501A /* Sample_LoginTests.swift in Sources */,
			);
			runOnlyForDeploymentPostprocessing = 0;
		};
		3941BFB41C296C60001A501A /* Sources */ = {
			isa = PBXSourcesBuildPhase;
			buildActionMask = 2147483647;
			files = (
				3941BFBD1C296C60001A501A /* Sample_LoginUITests.swift in Sources */,
			);
			runOnlyForDeploymentPostprocessing = 0;
		};
/* End PBXSourcesBuildPhase section */

/* Begin PBXTargetDependency section */
		3941BFAF1C296C60001A501A /* PBXTargetDependency */ = {
			isa = PBXTargetDependency;
			target = 3941BF951C296C5F001A501A /* Sample Login */;
			targetProxy = 3941BFAE1C296C60001A501A /* PBXContainerItemProxy */;
		};
		3941BFBA1C296C60001A501A /* PBXTargetDependency */ = {
			isa = PBXTargetDependency;
			target = 3941BF951C296C5F001A501A /* Sample Login */;
			targetProxy = 3941BFB91C296C60001A501A /* PBXContainerItemProxy */;
		};
/* End PBXTargetDependency section */

/* Begin PBXVariantGroup section */
		3941BFA51C296C60001A501A /* LaunchScreen.storyboard */ = {
			isa = PBXVariantGroup;
			children = (
				3941BFA61C296C60001A501A /* Base */,
			);
			name = LaunchScreen.storyboard;
			sourceTree = "<group>";
		};
/* End PBXVariantGroup section */

/* Begin XCBuildConfiguration section */
		3941BFBF1C296C60001A501A /* Debug */ = {
			isa = XCBuildConfiguration;
			buildSettings = {
				ALWAYS_SEARCH_USER_PATHS = NO;
				CLANG_CXX_LANGUAGE_STANDARD = "gnu++0x";
				CLANG_CXX_LIBRARY = "libc++";
				CLANG_ENABLE_MODULES = YES;
				CLANG_ENABLE_OBJC_ARC = YES;
				CLANG_WARN_BOOL_CONVERSION = YES;
				CLANG_WARN_CONSTANT_CONVERSION = YES;
				CLANG_WARN_DIRECT_OBJC_ISA_USAGE = YES_ERROR;
				CLANG_WARN_EMPTY_BODY = YES;
				CLANG_WARN_ENUM_CONVERSION = YES;
				CLANG_WARN_INT_CONVERSION = YES;
				CLANG_WARN_OBJC_ROOT_CLASS = YES_ERROR;
				CLANG_WARN_UNREACHABLE_CODE = YES;
				CLANG_WARN__DUPLICATE_METHOD_MATCH = YES;
				"CODE_SIGN_IDENTITY[sdk=iphoneos*]" = "iPhone Developer";
				COPY_PHASE_STRIP = NO;
				DEBUG_INFORMATION_FORMAT = dwarf;
				ENABLE_STRICT_OBJC_MSGSEND = YES;
				ENABLE_TESTABILITY = YES;
				GCC_C_LANGUAGE_STANDARD = gnu99;
				GCC_DYNAMIC_NO_PIC = NO;
				GCC_NO_COMMON_BLOCKS = YES;
				GCC_OPTIMIZATION_LEVEL = 0;
				GCC_PREPROCESSOR_DEFINITIONS = (
					"DEBUG=1",
					"$(inherited)",
				);
				GCC_WARN_64_TO_32_BIT_CONVERSION = YES;
				GCC_WARN_ABOUT_RETURN_TYPE = YES_ERROR;
				GCC_WARN_UNDECLARED_SELECTOR = YES;
				GCC_WARN_UNINITIALIZED_AUTOS = YES_AGGRESSIVE;
				GCC_WARN_UNUSED_FUNCTION = YES;
				GCC_WARN_UNUSED_VARIABLE = YES;
				IPHONEOS_DEPLOYMENT_TARGET = 9.2;
				MTL_ENABLE_DEBUG_INFO = YES;
				ONLY_ACTIVE_ARCH = YES;
				SDKROOT = iphoneos;
				SWIFT_OPTIMIZATION_LEVEL = "-Onone";
				TARGETED_DEVICE_FAMILY = "1,2";
			};
			name = Debug;
		};
		3941BFC01C296C60001A501A /* Release */ = {
			isa = XCBuildConfiguration;
			buildSettings = {
				ALWAYS_SEARCH_USER_PATHS = NO;
				CLANG_CXX_LANGUAGE_STANDARD = "gnu++0x";
				CLANG_CXX_LIBRARY = "libc++";
				CLANG_ENABLE_MODULES = YES;
				CLANG_ENABLE_OBJC_ARC = YES;
				CLANG_WARN_BOOL_CONVERSION = YES;
				CLANG_WARN_CONSTANT_CONVERSION = YES;
				CLANG_WARN_DIRECT_OBJC_ISA_USAGE = YES_ERROR;
				CLANG_WARN_EMPTY_BODY = YES;
				CLANG_WARN_ENUM_CONVERSION = YES;
				CLANG_WARN_INT_CONVERSION = YES;
				CLANG_WARN_OBJC_ROOT_CLASS = YES_ERROR;
				CLANG_WARN_UNREACHABLE_CODE = YES;
				CLANG_WARN__DUPLICATE_METHOD_MATCH = YES;
				"CODE_SIGN_IDENTITY[sdk=iphoneos*]" = "iPhone Developer";
				COPY_PHASE_STRIP = NO;
				DEBUG_INFORMATION_FORMAT = "dwarf-with-dsym";
				ENABLE_NS_ASSERTIONS = NO;
				ENABLE_STRICT_OBJC_MSGSEND = YES;
				GCC_C_LANGUAGE_STANDARD = gnu99;
				GCC_NO_COMMON_BLOCKS = YES;
				GCC_WARN_64_TO_32_BIT_CONVERSION = YES;
				GCC_WARN_ABOUT_RETURN_TYPE = YES_ERROR;
				GCC_WARN_UNDECLARED_SELECTOR = YES;
				GCC_WARN_UNINITIALIZED_AUTOS = YES_AGGRESSIVE;
				GCC_WARN_UNUSED_FUNCTION = YES;
				GCC_WARN_UNUSED_VARIABLE = YES;
				IPHONEOS_DEPLOYMENT_TARGET = 9.2;
				MTL_ENABLE_DEBUG_INFO = NO;
				SDKROOT = iphoneos;
				TARGETED_DEVICE_FAMILY = "1,2";
				VALIDATE_PRODUCT = YES;
			};
			name = Release;
		};
		3941BFC21C296C60001A501A /* Debug */ = {
			isa = XCBuildConfiguration;
			buildSettings = {
				ASSETCATALOG_COMPILER_APPICON_NAME = AppIcon;
				INFOPLIST_FILE = "Sample Login/Info.plist";
				IPHONEOS_DEPLOYMENT_TARGET = 8.0;
				LD_RUNPATH_SEARCH_PATHS = "$(inherited) @executable_path/Frameworks";
				PRODUCT_BUNDLE_IDENTIFIER = "VVLab.Sample-Login";
				PRODUCT_NAME = "$(TARGET_NAME)";
			};
			name = Debug;
		};
		3941BFC31C296C60001A501A /* Release */ = {
			isa = XCBuildConfiguration;
			buildSettings = {
				ASSETCATALOG_COMPILER_APPICON_NAME = AppIcon;
				INFOPLIST_FILE = "Sample Login/Info.plist";
				IPHONEOS_DEPLOYMENT_TARGET = 8.0;
				LD_RUNPATH_SEARCH_PATHS = "$(inherited) @executable_path/Frameworks";
				PRODUCT_BUNDLE_IDENTIFIER = "VVLab.Sample-Login";
				PRODUCT_NAME = "$(TARGET_NAME)";
			};
			name = Release;
		};
		3941BFC51C296C60001A501A /* Debug */ = {
			isa = XCBuildConfiguration;
			buildSettings = {
				BUNDLE_LOADER = "$(TEST_HOST)";
				INFOPLIST_FILE = "Sample LoginTests/Info.plist";
				LD_RUNPATH_SEARCH_PATHS = "$(inherited) @executable_path/Frameworks @loader_path/Frameworks";
				PRODUCT_BUNDLE_IDENTIFIER = "VVLab.Sample-LoginTests";
				PRODUCT_NAME = "$(TARGET_NAME)";
				TEST_HOST = "$(BUILT_PRODUCTS_DIR)/Sample Login.app/Sample Login";
			};
			name = Debug;
		};
		3941BFC61C296C60001A501A /* Release */ = {
			isa = XCBuildConfiguration;
			buildSettings = {
				BUNDLE_LOADER = "$(TEST_HOST)";
				INFOPLIST_FILE = "Sample LoginTests/Info.plist";
				LD_RUNPATH_SEARCH_PATHS = "$(inherited) @executable_path/Frameworks @loader_path/Frameworks";
				PRODUCT_BUNDLE_IDENTIFIER = "VVLab.Sample-LoginTests";
				PRODUCT_NAME = "$(TARGET_NAME)";
				TEST_HOST = "$(BUILT_PRODUCTS_DIR)/Sample Login.app/Sample Login";
			};
			name = Release;
		};
		3941BFC81C296C60001A501A /* Debug */ = {
			isa = XCBuildConfiguration;
			buildSettings = {
				INFOPLIST_FILE = "Sample LoginUITests/Info.plist";
				LD_RUNPATH_SEARCH_PATHS = "$(inherited) @executable_path/Frameworks @loader_path/Frameworks";
				PRODUCT_BUNDLE_IDENTIFIER = "VVLab.Sample-LoginUITests";
				PRODUCT_NAME = "$(TARGET_NAME)";
				TEST_TARGET_NAME = "Sample Login";
				USES_XCTRUNNER = YES;
			};
			name = Debug;
		};
		3941BFC91C296C60001A501A /* Release */ = {
			isa = XCBuildConfiguration;
			buildSettings = {
				INFOPLIST_FILE = "Sample LoginUITests/Info.plist";
				LD_RUNPATH_SEARCH_PATHS = "$(inherited) @executable_path/Frameworks @loader_path/Frameworks";
				PRODUCT_BUNDLE_IDENTIFIER = "VVLab.Sample-LoginUITests";
				PRODUCT_NAME = "$(TARGET_NAME)";
				TEST_TARGET_NAME = "Sample Login";
				USES_XCTRUNNER = YES;
			};
			name = Release;
		};
/* End XCBuildConfiguration section */

/* Begin XCConfigurationList section */
		3941BF911C296C5F001A501A /* Build configuration list for PBXProject "Sample Login" */ = {
			isa = XCConfigurationList;
			buildConfigurations = (
				3941BFBF1C296C60001A501A /* Debug */,
				3941BFC01C296C60001A501A /* Release */,
			);
			defaultConfigurationIsVisible = 0;
			defaultConfigurationName = Release;
		};
		3941BFC11C296C60001A501A /* Build configuration list for PBXNativeTarget "Sample Login" */ = {
			isa = XCConfigurationList;
			buildConfigurations = (
				3941BFC21C296C60001A501A /* Debug */,
				3941BFC31C296C60001A501A /* Release */,
			);
			defaultConfigurationIsVisible = 0;
		};
		3941BFC41C296C60001A501A /* Build configuration list for PBXNativeTarget "Sample LoginTests" */ = {
			isa = XCConfigurationList;
			buildConfigurations = (
				3941BFC51C296C60001A501A /* Debug */,
				3941BFC61C296C60001A501A /* Release */,
			);
			defaultConfigurationIsVisible = 0;
		};
		3941BFC71C296C60001A501A /* Build configuration list for PBXNativeTarget "Sample LoginUITests" */ = {
			isa = XCConfigurationList;
			buildConfigurations = (
				3941BFC81C296C60001A501A /* Debug */,
				3941BFC91C296C60001A501A /* Release */,
			);
			defaultConfigurationIsVisible = 0;
		};
/* End XCConfigurationList section */

/* Begin XCVersionGroup section */
		3941BFA01C296C60001A501A /* Sample_Login.xcdatamodeld */ = {
			isa = XCVersionGroup;
			children = (
				3941BFA11C296C60001A501A /* Sample_Login.xcdatamodel */,
			);
			currentVersion = 3941BFA11C296C60001A501A /* Sample_Login.xcdatamodel */;
			path = Sample_Login.xcdatamodeld;
			sourceTree = "<group>";
			versionGroupType = wrapper.xcdatamodel;
		};
/* End XCVersionGroup section */
	};
	rootObject = 3941BF8E1C296C5F001A501A /* Project object */;
}
